
Microsoft Visual Studio Solution File, Format Version 12.00
# Visual Studio Version 16
VisualStudioVersion = 16.0.31019.35
MinimumVisualStudioVersion = 10.0.40219.1
Project("{FAE04EC0-301F-11D3-BF4B-00C04F79EFBC}") = "TuongVanTienLuc_5951071055", "TuongVanTienLuc_5951071055\TuongVanTienLuc_5951071055.csproj", "{EAE5499A-49AE-4D2D-A5D1-E412074650DA}"
EndProject
Global
	GlobalSection(SolutionConfigurationPlatforms) = preSolution
		Debug|Any CPU = Debug|Any CPU
		Release|Any CPU = Release|Any CPU
	EndGlobalSection
	GlobalSection(ProjectConfigurationPlatforms) = postSolution
		{EAE5499A-49AE-4D2D-A5D1-E412074650DA}.Debug|Any CPU.ActiveCfg = Debug|Any CPU
		{EAE5499A-49AE-4D2D-A5D1-E412074650DA}.Debug|Any CPU.Build.0 = Debug|Any CPU
		{EAE5499A-49AE-4D2D-A5D1-E412074650DA}.Release|Any CPU.ActiveCfg = Release|Any CPU
		{EAE5499A-49AE-4D2D-A5D1-E412074650DA}.Release|Any CPU.Build.0 = Release|Any CPU
	EndGlobalSection
	GlobalSection(SolutionProperties) = preSolution
		HideSolutionNode = FALSE
	EndGlobalSection
	GlobalSection(ExtensibilityGlobals) = postSolution
		SolutionGuid = {DA6FD464-7370-439C-B5FB-F69D74859744}
	EndGlobalSection
EndGlobal
